
Microsoft Visual Studio Solution File, Format Version 12.00
# Visual Studio 15
VisualStudioVersion = 15.0.27703.2042
MinimumVisualStudioVersion = 10.0.40219.1
Project("{9A19103F-16F7-4668-BE54-9A1E7A4F7556}") = "NithinsPI.Device", "NithinsPI.Device\NithinsPI.Device.csproj", "{1D09FA76-8B5E-4144-BCF3-E414FF19137F}"
EndProject
Project("{9A19103F-16F7-4668-BE54-9A1E7A4F7556}") = "NithinsPI.MessageProcessor", "NithinsPI.MessageProcessor\NithinsPI.MessageProcessor.csproj", "{3F61D10C-FE9F-4660-8B35-EFDC4A18D6AD}"
EndProject
Project("{9A19103F-16F7-4668-BE54-9A1E7A4F7556}") = "NithinsPI.Common", "NithinsPI.Common\NithinsPI.Common.csproj", "{9808F54A-522D-4073-A303-7E0493CFC320}"
EndProject
Project("{9A19103F-16F7-4668-BE54-9A1E7A4F7556}") = "NithinsPI.Manager", "NithinsPI.Manager\NithinsPI.Manager.csproj", "{7CDDD486-087D-4734-AC98-C8A23A1E35BC}"
EndProject
Project("{FAE04EC0-301F-11D3-BF4B-00C04F79EFBC}") = "NithinsPI.UWP", "NithinsPI.UWP\NithinsPI.UWP.csproj", "{DEFF5FE3-7666-43E8-8015-00B6D693A6E8}"
EndProject
Project("{FAE04EC0-301F-11D3-BF4B-00C04F79EFBC}") = "NithinsPI.Background", "NithinsPI.Background\NithinsPI.Background.csproj", "{BA128B85-8F5D-4189-9F97-206295038EA2}"
EndProject
Global
	GlobalSection(SolutionConfigurationPlatforms) = preSolution
		Debug|Any CPU = Debug|Any CPU
		Debug|ARM = Debug|ARM
		Debug|x64 = Debug|x64
		Debug|x86 = Debug|x86
		Release|Any CPU = Release|Any CPU
		Release|ARM = Release|ARM
		Release|x64 = Release|x64
		Release|x86 = Release|x86
	EndGlobalSection
	GlobalSection(ProjectConfigurationPlatforms) = postSolution
		{1D09FA76-8B5E-4144-BCF3-E414FF19137F}.Debug|Any CPU.ActiveCfg = Debug|Any CPU
		{1D09FA76-8B5E-4144-BCF3-E414FF19137F}.Debug|Any CPU.Build.0 = Debug|Any CPU
		{1D09FA76-8B5E-4144-BCF3-E414FF19137F}.Debug|ARM.ActiveCfg = Debug|Any CPU
		{1D09FA76-8B5E-4144-BCF3-E414FF19137F}.Debug|ARM.Build.0 = Debug|Any CPU
		{1D09FA76-8B5E-4144-BCF3-E414FF19137F}.Debug|x64.ActiveCfg = Debug|Any CPU
		{1D09FA76-8B5E-4144-BCF3-E414FF19137F}.Debug|x64.Build.0 = Debug|Any CPU
		{1D09FA76-8B5E-4144-BCF3-E414FF19137F}.Debug|x86.ActiveCfg = Debug|Any CPU
		{1D09FA76-8B5E-4144-BCF3-E414FF19137F}.Debug|x86.Build.0 = Debug|Any CPU
		{1D09FA76-8B5E-4144-BCF3-E414FF19137F}.Release|Any CPU.ActiveCfg = Release|Any CPU
		{1D09FA76-8B5E-4144-BCF3-E414FF19137F}.Release|Any CPU.Build.0 = Release|Any CPU
		{1D09FA76-8B5E-4144-BCF3-E414FF19137F}.Release|ARM.ActiveCfg = Release|Any CPU
		{1D09FA76-8B5E-4144-BCF3-E414FF19137F}.Release|ARM.Build.0 = Release|Any CPU
		{1D09FA76-8B5E-4144-BCF3-E414FF19137F}.Release|x64.ActiveCfg = Release|Any CPU
		{1D09FA76-8B5E-4144-BCF3-E414FF19137F}.Release|x64.Build.0 = Release|Any CPU
		{1D09FA76-8B5E-4144-BCF3-E414FF19137F}.Release|x86.ActiveCfg = Release|Any CPU
		{1D09FA76-8B5E-4144-BCF3-E414FF19137F}.Release|x86.Build.0 = Release|Any CPU
		{3F61D10C-FE9F-4660-8B35-EFDC4A18D6AD}.Debug|Any CPU.ActiveCfg = Debug|Any CPU
		{3F61D10C-FE9F-4660-8B35-EFDC4A18D6AD}.Debug|Any CPU.Build.0 = Debug|Any CPU
		{3F61D10C-FE9F-4660-8B35-EFDC4A18D6AD}.Debug|ARM.ActiveCfg = Debug|Any CPU
		{3F61D10C-FE9F-4660-8B35-EFDC4A18D6AD}.Debug|ARM.Build.0 = Debug|Any CPU
		{3F61D10C-FE9F-4660-8B35-EFDC4A18D6AD}.Debug|x64.ActiveCfg = Debug|Any CPU
		{3F61D10C-FE9F-4660-8B35-EFDC4A18D6AD}.Debug|x64.Build.0 = Debug|Any CPU
		{3F61D10C-FE9F-4660-8B35-EFDC4A18D6AD}.Debug|x86.ActiveCfg = Debug|Any CPU
		{3F61D10C-FE9F-4660-8B35-EFDC4A18D6AD}.Debug|x86.Build.0 = Debug|Any CPU
		{3F61D10C-FE9F-4660-8B35-EFDC4A18D6AD}.Release|Any CPU.ActiveCfg = Release|Any CPU
		{3F61D10C-FE9F-4660-8B35-EFDC4A18D6AD}.Release|Any CPU.Build.0 = Release|Any CPU
		{3F61D10C-FE9F-4660-8B35-EFDC4A18D6AD}.Release|ARM.ActiveCfg = Release|Any CPU
		{3F61D10C-FE9F-4660-8B35-EFDC4A18D6AD}.Release|ARM.Build.0 = Release|Any CPU
		{3F61D10C-FE9F-4660-8B35-EFDC4A18D6AD}.Release|x64.ActiveCfg = Release|Any CPU
		{3F61D10C-FE9F-4660-8B35-EFDC4A18D6AD}.Release|x64.Build.0 = Release|Any CPU
		{3F61D10C-FE9F-4660-8B35-EFDC4A18D6AD}.Release|x86.ActiveCfg = Release|Any CPU
		{3F61D10C-FE9F-4660-8B35-EFDC4A18D6AD}.Release|x86.Build.0 = Release|Any CPU
		{9808F54A-522D-4073-A303-7E0493CFC320}.Debug|Any CPU.ActiveCfg = Debug|Any CPU
		{9808F54A-522D-4073-A303-7E0493CFC320}.Debug|Any CPU.Build.0 = Debug|Any CPU
		{9808F54A-522D-4073-A303-7E0493CFC320}.Debug|ARM.ActiveCfg = Debug|Any CPU
		{9808F54A-522D-4073-A303-7E0493CFC320}.Debug|ARM.Build.0 = Debug|Any CPU
		{9808F54A-522D-4073-A303-7E0493CFC320}.Debug|x64.ActiveCfg = Debug|Any CPU
		{9808F54A-522D-4073-A303-7E0493CFC320}.Debug|x64.Build.0 = Debug|Any CPU
		{9808F54A-522D-4073-A303-7E0493CFC320}.Debug|x86.ActiveCfg = Debug|Any CPU
		{9808F54A-522D-4073-A303-7E0493CFC320}.Debug|x86.Build.0 = Debug|Any CPU
		{9808F54A-522D-4073-A303-7E0493CFC320}.Release|Any CPU.ActiveCfg = Release|Any CPU
		{9808F54A-522D-4073-A303-7E0493CFC320}.Release|Any CPU.Build.0 = Release|Any CPU
		{9808F54A-522D-4073-A303-7E0493CFC320}.Release|ARM.ActiveCfg = Release|Any CPU
		{9808F54A-522D-4073-A303-7E0493CFC320}.Release|ARM.Build.0 = Release|Any CPU
		{9808F54A-522D-4073-A303-7E0493CFC320}.Release|x64.ActiveCfg = Release|Any CPU
		{9808F54A-522D-4073-A303-7E0493CFC320}.Release|x64.Build.0 = Release|Any CPU
		{9808F54A-522D-4073-A303-7E0493CFC320}.Release|x86.ActiveCfg = Release|Any CPU
		{9808F54A-522D-4073-A303-7E0493CFC320}.Release|x86.Build.0 = Release|Any CPU
		{7CDDD486-087D-4734-AC98-C8A23A1E35BC}.Debug|Any CPU.ActiveCfg = Debug|Any CPU
		{7CDDD486-087D-4734-AC98-C8A23A1E35BC}.Debug|Any CPU.Build.0 = Debug|Any CPU
		{7CDDD486-087D-4734-AC98-C8A23A1E35BC}.Debug|ARM.ActiveCfg = Debug|Any CPU
		{7CDDD486-087D-4734-AC98-C8A23A1E35BC}.Debug|ARM.Build.0 = Debug|Any CPU
		{7CDDD486-087D-4734-AC98-C8A23A1E35BC}.Debug|x64.ActiveCfg = Debug|Any CPU
		{7CDDD486-087D-4734-AC98-C8A23A1E35BC}.Debug|x64.Build.0 = Debug|Any CPU
		{7CDDD486-087D-4734-AC98-C8A23A1E35BC}.Debug|x86.ActiveCfg = Debug|Any CPU
		{7CDDD486-087D-4734-AC98-C8A23A1E35BC}.Debug|x86.Build.0 = Debug|Any CPU
		{7CDDD486-087D-4734-AC98-C8A23A1E35BC}.Release|Any CPU.ActiveCfg = Release|Any CPU
		{7CDDD486-087D-4734-AC98-C8A23A1E35BC}.Release|Any CPU.Build.0 = Release|Any CPU
		{7CDDD486-087D-4734-AC98-C8A23A1E35BC}.Release|ARM.ActiveCfg = Release|Any CPU
		{7CDDD486-087D-4734-AC98-C8A23A1E35BC}.Release|ARM.Build.0 = Release|Any CPU
		{7CDDD486-087D-4734-AC98-C8A23A1E35BC}.Release|x64.ActiveCfg = Release|Any CPU
		{7CDDD486-087D-4734-AC98-C8A23A1E35BC}.Release|x64.Build.0 = Release|Any CPU
		{7CDDD486-087D-4734-AC98-C8A23A1E35BC}.Release|x86.ActiveCfg = Release|Any CPU
		{7CDDD486-087D-4734-AC98-C8A23A1E35BC}.Release|x86.Build.0 = Release|Any CPU
		{DEFF5FE3-7666-43E8-8015-00B6D693A6E8}.Debug|Any CPU.ActiveCfg = Debug|x86
		{DEFF5FE3-7666-43E8-8015-00B6D693A6E8}.Debug|ARM.ActiveCfg = Debug|ARM
		{DEFF5FE3-7666-43E8-8015-00B6D693A6E8}.Debug|ARM.Build.0 = Debug|ARM
		{DEFF5FE3-7666-43E8-8015-00B6D693A6E8}.Debug|ARM.Deploy.0 = Debug|ARM
		{DEFF5FE3-7666-43E8-8015-00B6D693A6E8}.Debug|x64.ActiveCfg = Debug|x64
		{DEFF5FE3-7666-43E8-8015-00B6D693A6E8}.Debug|x64.Build.0 = Debug|x64
		{DEFF5FE3-7666-43E8-8015-00B6D693A6E8}.Debug|x64.Deploy.0 = Debug|x64
		{DEFF5FE3-7666-43E8-8015-00B6D693A6E8}.Debug|x86.ActiveCfg = Debug|x86
		{DEFF5FE3-7666-43E8-8015-00B6D693A6E8}.Debug|x86.Build.0 = Debug|x86
		{DEFF5FE3-7666-43E8-8015-00B6D693A6E8}.Debug|x86.Deploy.0 = Debug|x86
		{DEFF5FE3-7666-43E8-8015-00B6D693A6E8}.Release|Any CPU.ActiveCfg = Release|x86
		{DEFF5FE3-7666-43E8-8015-00B6D693A6E8}.Release|ARM.ActiveCfg = Release|ARM
		{DEFF5FE3-7666-43E8-8015-00B6D693A6E8}.Release|ARM.Build.0 = Release|ARM
		{DEFF5FE3-7666-43E8-8015-00B6D693A6E8}.Release|ARM.Deploy.0 = Release|ARM
		{DEFF5FE3-7666-43E8-8015-00B6D693A6E8}.Release|x64.ActiveCfg = Release|x64
		{DEFF5FE3-7666-43E8-8015-00B6D693A6E8}.Release|x64.Build.0 = Release|x64
		{DEFF5FE3-7666-43E8-8015-00B6D693A6E8}.Release|x64.Deploy.0 = Release|x64
		{DEFF5FE3-7666-43E8-8015-00B6D693A6E8}.Release|x86.ActiveCfg = Release|x86
		{DEFF5FE3-7666-43E8-8015-00B6D693A6E8}.Release|x86.Build.0 = Release|x86
		{DEFF5FE3-7666-43E8-8015-00B6D693A6E8}.Release|x86.Deploy.0 = Release|x86
		{BA128B85-8F5D-4189-9F97-206295038EA2}.Debug|Any CPU.ActiveCfg = Debug|x86
		{BA128B85-8F5D-4189-9F97-206295038EA2}.Debug|ARM.ActiveCfg = Debug|ARM
		{BA128B85-8F5D-4189-9F97-206295038EA2}.Debug|ARM.Build.0 = Debug|ARM
		{BA128B85-8F5D-4189-9F97-206295038EA2}.Debug|ARM.Deploy.0 = Debug|ARM
		{BA128B85-8F5D-4189-9F97-206295038EA2}.Debug|x64.ActiveCfg = Debug|x64
		{BA128B85-8F5D-4189-9F97-206295038EA2}.Debug|x64.Build.0 = Debug|x64
		{BA128B85-8F5D-4189-9F97-206295038EA2}.Debug|x64.Deploy.0 = Debug|x64
		{BA128B85-8F5D-4189-9F97-206295038EA2}.Debug|x86.ActiveCfg = Debug|x86
		{BA128B85-8F5D-4189-9F97-206295038EA2}.Debug|x86.Build.0 = Debug|x86
		{BA128B85-8F5D-4189-9F97-206295038EA2}.Debug|x86.Deploy.0 = Debug|x86
		{BA128B85-8F5D-4189-9F97-206295038EA2}.Release|Any CPU.ActiveCfg = Release|x86
		{BA128B85-8F5D-4189-9F97-206295038EA2}.Release|ARM.ActiveCfg = Release|ARM
		{BA128B85-8F5D-4189-9F97-206295038EA2}.Release|ARM.Build.0 = Release|ARM
		{BA128B85-8F5D-4189-9F97-206295038EA2}.Release|ARM.Deploy.0 = Release|ARM
		{BA128B85-8F5D-4189-9F97-206295038EA2}.Release|x64.ActiveCfg = Release|x64
		{BA128B85-8F5D-4189-9F97-206295038EA2}.Release|x64.Build.0 = Release|x64
		{BA128B85-8F5D-4189-9F97-206295038EA2}.Release|x64.Deploy.0 = Release|x64
		{BA128B85-8F5D-4189-9F97-206295038EA2}.Release|x86.ActiveCfg = Release|x86
		{BA128B85-8F5D-4189-9F97-206295038EA2}.Release|x86.Build.0 = Release|x86
		{BA128B85-8F5D-4189-9F97-206295038EA2}.Release|x86.Deploy.0 = Release|x86
	EndGlobalSection
	GlobalSection(SolutionProperties) = preSolution
		HideSolutionNode = FALSE
	EndGlobalSection
	GlobalSection(ExtensibilityGlobals) = postSolution
		SolutionGuid = {1454A0DF-0C18-4A99-BD34-E4D691D6E4AF}
	EndGlobalSection
EndGlobal
